# THIS IS AN AUTOGENERATED FILE. DO NOT EDIT THIS FILE DIRECTLY.
# yarn lockfile v1


bulma-pageloader@^0.3.0:
  version "0.3.0"
  resolved "https://registry.yarnpkg.com/bulma-pageloader/-/bulma-pageloader-0.3.0.tgz#94a4ff7d9129cbe01dbc5cae4e64508e13563cf1"
  integrity sha512-lbahiqhBCov5AYdziHFnC5/JOhCrJWFTpdRiAkwW49IM/mf0whCWHVe8MuejZFu2PEs1mtH8Gnz8exEks4Q+7g==

bulma-toast@^1.5.4:
  version "1.5.4"
  resolved "https://registry.yarnpkg.com/bulma-toast/-/bulma-toast-1.5.4.tgz#ee72a1f49a1da07c49c0507ffa4ade6c1d3026f8"
  integrity sha512-yLGeupj1WOCgOS6Gtik2eyJ2aA55nFwDyTeLSoTDdRRdWsWbBcMsna3j7ZATiQTZ4o5BI05X4z/qCKc9qMysUA==

moment@^2.24.0:
  version "2.24.0"
  resolved "https://registry.yarnpkg.com/moment/-/moment-2.24.0.tgz#0d055d53f5052aa653c9f6eb68bb5d12bf5c2b5b"
  integrity sha512-bV7f+6l2QigeBBZSM/6yTNq4P2fNpSWj/0e7jQcy87A8e7o2nAfP/34/2ky5Vw4B9S446EtIhodAzkFCcR4dQg==
